// !$*UTF8*$!
{
	archiveVersion = 1;
	classes = {
	};
	objectVersion = 56;
	objects = {

/* Begin PBXBuildFile section */
		63C585DB29DDDC76006B5B48 /* AppDelegate.swift in Sources */ = {isa = PBXBuildFile; fileRef = 63C585DA29DDDC76006B5B48 /* AppDelegate.swift */; };
		63C585DD29DDDC76006B5B48 /* SceneDelegate.swift in Sources */ = {isa = PBXBuildFile; fileRef = 63C585DC29DDDC76006B5B48 /* SceneDelegate.swift */; };
		63C585DF29DDDC76006B5B48 /* ViewController.swift in Sources */ = {isa = PBXBuildFile; fileRef = 63C585DE29DDDC76006B5B48 /* ViewController.swift */; };
		63C585E229DDDC76006B5B48 /* Main.storyboard in Resources */ = {isa = PBXBuildFile; fileRef = 63C585E029DDDC76006B5B48 /* Main.storyboard */; };
		63C585E529DDDC76006B5B48 /* BirthdayTracker.xcdatamodeld in Sources */ = {isa = PBXBuildFile; fileRef = 63C585E329DDDC76006B5B48 /* BirthdayTracker.xcdatamodeld */; };
		63C585E729DDDC77006B5B48 /* Assets.xcassets in Resources */ = {isa = PBXBuildFile; fileRef = 63C585E629DDDC77006B5B48 /* Assets.xcassets */; };
		63C585EA29DDDC77006B5B48 /* LaunchScreen.storyboard in Resources */ = {isa = PBXBuildFile; fileRef = 63C585E829DDDC77006B5B48 /* LaunchScreen.storyboard */; };
/* End PBXBuildFile section */

/* Begin PBXFileReference section */
		63C585D729DDDC76006B5B48 /* BirthdayTracker.app */ = {isa = PBXFileReference; explicitFileType = wrapper.application; includeInIndex = 0; path = BirthdayTracker.app; sourceTree = BUILT_PRODUCTS_DIR; };
		63C585DA29DDDC76006B5B48 /* AppDelegate.swift */ = {isa = PBXFileReference; lastKnownFileType = sourcecode.swift; path = AppDelegate.swift; sourceTree = "<group>"; };
		63C585DC29DDDC76006B5B48 /* SceneDelegate.swift */ = {isa = PBXFileReference; lastKnownFileType = sourcecode.swift; path = SceneDelegate.swift; sourceTree = "<group>"; };
		63C585DE29DDDC76006B5B48 /* ViewController.swift */ = {isa = PBXFileReference; lastKnownFileType = sourcecode.swift; path = ViewController.swift; sourceTree = "<group>"; };
		63C585E129DDDC76006B5B48 /* Base */ = {isa = PBXFileReference; lastKnownFileType = file.storyboard; name = Base; path = Base.lproj/Main.storyboard; sourceTree = "<group>"; };
		63C585E429DDDC76006B5B48 /* BirthdayTracker.xcdatamodel */ = {isa = PBXFileReference; lastKnownFileType = wrapper.xcdatamodel; path = BirthdayTracker.xcdatamodel; sourceTree = "<group>"; };
		63C585E629DDDC77006B5B48 /* Assets.xcassets */ = {isa = PBXFileReference; lastKnownFileType = folder.assetcatalog; path = Assets.xcassets; sourceTree = "<group>"; };
		63C585E929DDDC77006B5B48 /* Base */ = {isa = PBXFileReference; lastKnownFileType = file.storyboard; name = Base; path = Base.lproj/LaunchScreen.storyboard; sourceTree = "<group>"; };
		63C585EB29DDDC77006B5B48 /* Info.plist */ = {isa = PBXFileReference; lastKnownFileType = text.plist.xml; path = Info.plist; sourceTree = "<group>"; };
/* End PBXFileReference section */

/* Begin PBXFrameworksBuildPhase section */
		63C585D429DDDC76006B5B48 /* Frameworks */ = {
			isa = PBXFrameworksBuildPhase;
			buildActionMask = 2147483647;
			files = (
			);
			runOnlyForDeploymentPostprocessing = 0;
		};
/* End PBXFrameworksBuildPhase section */

/* Begin PBXGroup section */
		63C585CE29DDDC76006B5B48 = {
			isa = PBXGroup;
			children = (
				63C585D929DDDC76006B5B48 /* BirthdayTracker */,
				63C585D829DDDC76006B5B48 /* Products */,
			);
			sourceTree = "<group>";
		};
		63C585D829DDDC76006B5B48 /* Products */ = {
			isa = PBXGroup;
			children = (
				63C585D729DDDC76006B5B48 /* BirthdayTracker.app */,
			);
			name = Products;
			sourceTree = "<group>";
		};
		63C585D929DDDC76006B5B48 /* BirthdayTracker */ = {
			isa = PBXGroup;
			children = (
				63C585DA29DDDC76006B5B48 /* AppDelegate.swift */,
				63C585DC29DDDC76006B5B48 /* SceneDelegate.swift */,
				63C585DE29DDDC76006B5B48 /* ViewController.swift */,
				63C585E029DDDC76006B5B48 /* Main.storyboard */,
				63C585E629DDDC77006B5B48 /* Assets.xcassets */,
				63C585E829DDDC77006B5B48 /* LaunchScreen.storyboard */,
				63C585EB29DDDC77006B5B48 /* Info.plist */,
				63C585E329DDDC76006B5B48 /* BirthdayTracker.xcdatamodeld */,
			);
			path = BirthdayTracker;
			sourceTree = "<group>";
		};
/* End PBXGroup section */

/* Begin PBXNativeTarget section */
		63C585D629DDDC76006B5B48 /* BirthdayTracker */ = {
			isa = PBXNativeTarget;
			buildConfigurationList = 63C585EE29DDDC77006B5B48 /* Build configuration list for PBXNativeTarget "BirthdayTracker" */;
			buildPhases = (
				63C585D329DDDC76006B5B48 /* Sources */,
				63C585D429DDDC76006B5B48 /* Frameworks */,
				63C585D529DDDC76006B5B48 /* Resources */,
			);
			buildRules = (
			);
			dependencies = (
			);
			name = BirthdayTracker;
			productName = BirthdayTracker;
			productReference = 63C585D729DDDC76006B5B48 /* BirthdayTracker.app */;
			productType = "com.apple.product-type.application";
		};
/* End PBXNativeTarget section */

/* Begin PBXProject section */
		63C585CF29DDDC76006B5B48 /* Project object */ = {
			isa = PBXProject;
			attributes = {
				BuildIndependentTargetsInParallel = 1;
				LastSwiftUpdateCheck = 1420;
				LastUpgradeCheck = 1420;
				TargetAttributes = {
					63C585D629DDDC76006B5B48 = {
						CreatedOnToolsVersion = 14.2;
					};
				};
			};
			buildConfigurationList = 63C585D229DDDC76006B5B48 /* Build configuration list for PBXProject "BirthdayTracker" */;
			compatibilityVersion = "Xcode 14.0";
			developmentRegion = en;
			hasScannedForEncodings = 0;
			knownRegions = (
				en,
				Base,
			);
			mainGroup = 63C585CE29DDDC76006B5B48;
			productRefGroup = 63C585D829DDDC76006B5B48 /* Products */;
			projectDirPath = "";
			projectRoot = "";
			targets = (
				63C585D629DDDC76006B5B48 /* BirthdayTracker */,
			);
		};
/* End PBXProject section */

/* Begin PBXResourcesBuildPhase section */
		63C585D529DDDC76006B5B48 /* Resources */ = {
			isa = PBXResourcesBuildPhase;
			buildActionMask = 2147483647;
			files = (
				63C585EA29DDDC77006B5B48 /* LaunchScreen.storyboard in Resources */,
				63C585E729DDDC77006B5B48 /* Assets.xcassets in Resources */,
				63C585E229DDDC76006B5B48 /* Main.storyboard in Resources */,
			);
			runOnlyForDeploymentPostprocessing = 0;
		};
/* End PBXResourcesBuildPhase section */

/* Begin PBXSourcesBuildPhase section */
		63C585D329DDDC76006B5B48 /* Sources */ = {
			isa = PBXSourcesBuildPhase;
			buildActionMask = 2147483647;
			files = (
				63C585DF29DDDC76006B5B48 /* ViewController.swift in Sources */,
				63C585DB29DDDC76006B5B48 /* AppDelegate.swift in Sources */,
				63C585DD29DDDC76006B5B48 /* SceneDelegate.swift in Sources */,
				63C585E529DDDC76006B5B48 /* BirthdayTracker.xcdatamodeld in Sources */,
			);
			runOnlyForDeploymentPostprocessing = 0;
		};
/* End PBXSourcesBuildPhase section */

/* Begin PBXVariantGroup section */
		63C585E029DDDC76006B5B48 /* Main.storyboard */ = {
			isa = PBXVariantGroup;
			children = (
				63C585E129DDDC76006B5B48 /* Base */,
			);
			name = Main.storyboard;
			sourceTree = "<group>";
		};
		63C585E829DDDC77006B5B48 /* LaunchScreen.storyboard */ = {
			isa = PBXVariantGroup;
			children = (
				63C585E929DDDC77006B5B48 /* Base */,
			);
			name = LaunchScreen.storyboard;
			sourceTree = "<group>";
		};
/* End PBXVariantGroup section */

/* Begin XCBuildConfiguration section */
		63C585EC29DDDC77006B5B48 /* Debug */ = {
			isa = XCBuildConfiguration;
			buildSettings = {
				ALWAYS_SEARCH_USER_PATHS = NO;
				CLANG_ANALYZER_NONNULL = YES;
				CLANG_ANALYZER_NUMBER_OBJECT_CONVERSION = YES_AGGRESSIVE;
				CLANG_CXX_LANGUAGE_STANDARD = "gnu++20";
				CLANG_ENABLE_MODULES = YES;
				CLANG_ENABLE_OBJC_ARC = YES;
				CLANG_ENABLE_OBJC_WEAK = YES;
				CLANG_WARN_BLOCK_CAPTURE_AUTORELEASING = YES;
				CLANG_WARN_BOOL_CONVERSION = YES;
				CLANG_WARN_COMMA = YES;
				CLANG_WARN_CONSTANT_CONVERSION = YES;
				CLANG_WARN_DEPRECATED_OBJC_IMPLEMENTATIONS = YES;
				CLANG_WARN_DIRECT_OBJC_ISA_USAGE = YES_ERROR;
				CLANG_WARN_DOCUMENTATION_COMMENTS = YES;
				CLANG_WARN_EMPTY_BODY = YES;
				CLANG_WARN_ENUM_CONVERSION = YES;
				CLANG_WARN_INFINITE_RECURSION = YES;
				CLANG_WARN_INT_CONVERSION = YES;
				CLANG_WARN_NON_LITERAL_NULL_CONVERSION = YES;
				CLANG_WARN_OBJC_IMPLICIT_RETAIN_SELF = YES;
				CLANG_WARN_OBJC_LITERAL_CONVERSION = YES;
				CLANG_WARN_OBJC_ROOT_CLASS = YES_ERROR;
				CLANG_WARN_QUOTED_INCLUDE_IN_FRAMEWORK_HEADER = YES;
				CLANG_WARN_RANGE_LOOP_ANALYSIS = YES;
				CLANG_WARN_STRICT_PROTOTYPES = YES;
				CLANG_WARN_SUSPICIOUS_MOVE = YES;
				CLANG_WARN_UNGUARDED_AVAILABILITY = YES_AGGRESSIVE;
				CLANG_WARN_UNREACHABLE_CODE = YES;
				CLANG_WARN__DUPLICATE_METHOD_MATCH = YES;
				COPY_PHASE_STRIP = NO;
				DEBUG_INFORMATION_FORMAT = dwarf;
				ENABLE_STRICT_OBJC_MSGSEND = YES;
				ENABLE_TESTABILITY = YES;
				GCC_C_LANGUAGE_STANDARD = gnu11;
				GCC_DYNAMIC_NO_PIC = NO;
				GCC_NO_COMMON_BLOCKS = YES;
				GCC_OPTIMIZATION_LEVEL = 0;
				GCC_PREPROCESSOR_DEFINITIONS = (
					"DEBUG=1",
					"$(inherited)",
				);
				GCC_WARN_64_TO_32_BIT_CONVERSION = YES;
				GCC_WARN_ABOUT_RETURN_TYPE = YES_ERROR;
				GCC_WARN_UNDECLARED_SELECTOR = YES;
				GCC_WARN_UNINITIALIZED_AUTOS = YES_AGGRESSIVE;
				GCC_WARN_UNUSED_FUNCTION = YES;
				GCC_WARN_UNUSED_VARIABLE = YES;
				IPHONEOS_DEPLOYMENT_TARGET = 16.2;
				MTL_ENABLE_DEBUG_INFO = INCLUDE_SOURCE;
				MTL_FAST_MATH = YES;
				ONLY_ACTIVE_ARCH = YES;
				SDKROOT = iphoneos;
				SWIFT_ACTIVE_COMPILATION_CONDITIONS = DEBUG;
				SWIFT_OPTIMIZATION_LEVEL = "-Onone";
			};
			name = Debug;
		};
		63C585ED29DDDC77006B5B48 /* Release */ = {
			isa = XCBuildConfiguration;
			buildSettings = {
				ALWAYS_SEARCH_USER_PATHS = NO;
				CLANG_ANALYZER_NONNULL = YES;
				CLANG_ANALYZER_NUMBER_OBJECT_CONVERSION = YES_AGGRESSIVE;
				CLANG_CXX_LANGUAGE_STANDARD = "gnu++20";
				CLANG_ENABLE_MODULES = YES;
				CLANG_ENABLE_OBJC_ARC = YES;
				CLANG_ENABLE_OBJC_WEAK = YES;
				CLANG_WARN_BLOCK_CAPTURE_AUTORELEASING = YES;
				CLANG_WARN_BOOL_CONVERSION = YES;
				CLANG_WARN_COMMA = YES;
				CLANG_WARN_CONSTANT_CONVERSION = YES;
				CLANG_WARN_DEPRECATED_OBJC_IMPLEMENTATIONS = YES;
				CLANG_WARN_DIRECT_OBJC_ISA_USAGE = YES_ERROR;
				CLANG_WARN_DOCUMENTATION_COMMENTS = YES;
				CLANG_WARN_EMPTY_BODY = YES;
				CLANG_WARN_ENUM_CONVERSION = YES;
				CLANG_WARN_INFINITE_RECURSION = YES;
				CLANG_WARN_INT_CONVERSION = YES;
				CLANG_WARN_NON_LITERAL_NULL_CONVERSION = YES;
				CLANG_WARN_OBJC_IMPLICIT_RETAIN_SELF = YES;
				CLANG_WARN_OBJC_LITERAL_CONVERSION = YES;
				CLANG_WARN_OBJC_ROOT_CLASS = YES_ERROR;
				CLANG_WARN_QUOTED_INCLUDE_IN_FRAMEWORK_HEADER = YES;
				CLANG_WARN_RANGE_LOOP_ANALYSIS = YES;
				CLANG_WARN_STRICT_PROTOTYPES = YES;
				CLANG_WARN_SUSPICIOUS_MOVE = YES;
				CLANG_WARN_UNGUARDED_AVAILABILITY = YES_AGGRESSIVE;
				CLANG_WARN_UNREACHABLE_CODE = YES;
				CLANG_WARN__DUPLICATE_METHOD_MATCH = YES;
				COPY_PHASE_STRIP = NO;
				DEBUG_INFORMATION_FORMAT = "dwarf-with-dsym";
				ENABLE_NS_ASSERTIONS = NO;
				ENABLE_STRICT_OBJC_MSGSEND = YES;
				GCC_C_LANGUAGE_STANDARD = gnu11;
				GCC_NO_COMMON_BLOCKS = YES;
				GCC_WARN_64_TO_32_BIT_CONVERSION = YES;
				GCC_WARN_ABOUT_RETURN_TYPE = YES_ERROR;
				GCC_WARN_UNDECLARED_SELECTOR = YES;
				GCC_WARN_UNINITIALIZED_AUTOS = YES_AGGRESSIVE;
				GCC_WARN_UNUSED_FUNCTION = YES;
				GCC_WARN_UNUSED_VARIABLE = YES;
				IPHONEOS_DEPLOYMENT_TARGET = 16.2;
				MTL_ENABLE_DEBUG_INFO = NO;
				MTL_FAST_MATH = YES;
				SDKROOT = iphoneos;
				SWIFT_COMPILATION_MODE = wholemodule;
				SWIFT_OPTIMIZATION_LEVEL = "-O";
				VALIDATE_PRODUCT = YES;
			};
			name = Release;
		};
		63C585EF29DDDC77006B5B48 /* Debug */ = {
			isa = XCBuildConfiguration;
			buildSettings = {
				ASSETCATALOG_COMPILER_APPICON_NAME = AppIcon;
				ASSETCATALOG_COMPILER_GLOBAL_ACCENT_COLOR_NAME = AccentColor;
				CODE_SIGN_STYLE = Automatic;
				CURRENT_PROJECT_VERSION = 1;
				DEVELOPMENT_TEAM = X8NTYMGXRX;
				GENERATE_INFOPLIST_FILE = YES;
				INFOPLIST_FILE = BirthdayTracker/Info.plist;
				INFOPLIST_KEY_UIApplicationSupportsIndirectInputEvents = YES;
				INFOPLIST_KEY_UILaunchStoryboardName = LaunchScreen;
				INFOPLIST_KEY_UIMainStoryboardFile = Main;
				INFOPLIST_KEY_UISupportedInterfaceOrientations_iPad = "UIInterfaceOrientationPortrait UIInterfaceOrientationPortraitUpsideDown UIInterfaceOrientationLandscapeLeft UIInterfaceOrientationLandscapeRight";
				INFOPLIST_KEY_UISupportedInterfaceOrientations_iPhone = "UIInterfaceOrientationPortrait UIInterfaceOrientationLandscapeLeft UIInterfaceOrientationLandscapeRight";
				LD_RUNPATH_SEARCH_PATHS = (
					"$(inherited)",
					"@executable_path/Frameworks",
				);
				MARKETING_VERSION = 1.0;
				PRODUCT_BUNDLE_IDENTIFIER = com.example.BirthdayTracker;
				PRODUCT_NAME = "$(TARGET_NAME)";
				SWIFT_EMIT_LOC_STRINGS = YES;
				SWIFT_VERSION = 5.0;
				TARGETED_DEVICE_FAMILY = "1,2";
			};
			name = Debug;
		};
		63C585F029DDDC77006B5B48 /* Release */ = {
			isa = XCBuildConfiguration;
			buildSettings = {
				ASSETCATALOG_COMPILER_APPICON_NAME = AppIcon;
				ASSETCATALOG_COMPILER_GLOBAL_ACCENT_COLOR_NAME = AccentColor;
				CODE_SIGN_STYLE = Automatic;
				CURRENT_PROJECT_VERSION = 1;
				DEVELOPMENT_TEAM = X8NTYMGXRX;
				GENERATE_INFOPLIST_FILE = YES;
				INFOPLIST_FILE = BirthdayTracker/Info.plist;
				INFOPLIST_KEY_UIApplicationSupportsIndirectInputEvents = YES;
				INFOPLIST_KEY_UILaunchStoryboardName = LaunchScreen;
				INFOPLIST_KEY_UIMainStoryboardFile = Main;
				INFOPLIST_KEY_UISupportedInterfaceOrientations_iPad = "UIInterfaceOrientationPortrait UIInterfaceOrientationPortraitUpsideDown UIInterfaceOrientationLandscapeLeft UIInterfaceOrientationLandscapeRight";
				INFOPLIST_KEY_UISupportedInterfaceOrientations_iPhone = "UIInterfaceOrientationPortrait UIInterfaceOrientationLandscapeLeft UIInterfaceOrientationLandscapeRight";
				LD_RUNPATH_SEARCH_PATHS = (
					"$(inherited)",
					"@executable_path/Frameworks",
				);
				MARKETING_VERSION = 1.0;
				PRODUCT_BUNDLE_IDENTIFIER = com.example.BirthdayTracker;
				PRODUCT_NAME = "$(TARGET_NAME)";
				SWIFT_EMIT_LOC_STRINGS = YES;
				SWIFT_VERSION = 5.0;
				TARGETED_DEVICE_FAMILY = "1,2";
			};
			name = Release;
		};
/* End XCBuildConfiguration section */

/* Begin XCConfigurationList section */
		63C585D229DDDC76006B5B48 /* Build configuration list for PBXProject "BirthdayTracker" */ = {
			isa = XCConfigurationList;
			buildConfigurations = (
				63C585EC29DDDC77006B5B48 /* Debug */,
				63C585ED29DDDC77006B5B48 /* Release */,
			);
			defaultConfigurationIsVisible = 0;
			defaultConfigurationName = Release;
		};
		63C585EE29DDDC77006B5B48 /* Build configuration list for PBXNativeTarget "BirthdayTracker" */ = {
			isa = XCConfigurationList;
			buildConfigurations = (
				63C585EF29DDDC77006B5B48 /* Debug */,
				63C585F029DDDC77006B5B48 /* Release */,
			);
			defaultConfigurationIsVisible = 0;
			defaultConfigurationName = Release;
		};
/* End XCConfigurationList section */

/* Begin XCVersionGroup section */
		63C585E329DDDC76006B5B48 /* BirthdayTracker.xcdatamodeld */ = {
			isa = XCVersionGroup;
			children = (
				63C585E429DDDC76006B5B48 /* BirthdayTracker.xcdatamodel */,
			);
			currentVersion = 63C585E429DDDC76006B5B48 /* BirthdayTracker.xcdatamodel */;
			path = BirthdayTracker.xcdatamodeld;
			sourceTree = "<group>";
			versionGroupType = wrapper.xcdatamodel;
		};
/* End XCVersionGroup section */
	};
	rootObject = 63C585CF29DDDC76006B5B48 /* Project object */;
}
